
Microsoft Visual Studio Solution File, Format Version 12.00
# Visual Studio Version 17
VisualStudioVersion = 17.9.34714.143
MinimumVisualStudioVersion = 10.0.40219.1
Project("{FAE04EC0-301F-11D3-BF4B-00C04F79EFBC}") = "PrepareDataBAse", "PrepareDataBAse\PrepareDataBAse.csproj", "{1F1B3322-C30A-42CA-961F-5CC68768542A}"
EndProject
Global
	GlobalSection(SolutionConfigurationPlatforms) = preSolution
		Debug|Any CPU = Debug|Any CPU
		Release|Any CPU = Release|Any CPU
	EndGlobalSection
	GlobalSection(ProjectConfigurationPlatforms) = postSolution
		{1F1B3322-C30A-42CA-961F-5CC68768542A}.Debug|Any CPU.ActiveCfg = Debug|Any CPU
		{1F1B3322-C30A-42CA-961F-5CC68768542A}.Debug|Any CPU.Build.0 = Debug|Any CPU
		{1F1B3322-C30A-42CA-961F-5CC68768542A}.Release|Any CPU.ActiveCfg = Release|Any CPU
		{1F1B3322-C30A-42CA-961F-5CC68768542A}.Release|Any CPU.Build.0 = Release|Any CPU
	EndGlobalSection
	GlobalSection(SolutionProperties) = preSolution
		HideSolutionNode = FALSE
	EndGlobalSection
	GlobalSection(ExtensibilityGlobals) = postSolution
		SolutionGuid = {73F21E20-7014-43FF-9AA6-97CA4DAFAC0F}
	EndGlobalSection
EndGlobal
